
Microsoft Visual Studio Solution File, Format Version 12.00
# Visual Studio Version 17
VisualStudioVersion = 17.7.34221.43
MinimumVisualStudioVersion = 10.0.40219.1
Project("{FAE04EC0-301F-11D3-BF4B-00C04F79EFBC}") = "book-reservation-system", "book-reservation-system\book-reservation-system.csproj", "{EC2359AB-168B-4476-81C0-5D1AA97F7602}"
EndProject
Project("{FAE04EC0-301F-11D3-BF4B-00C04F79EFBC}") = "book-reservation-system.Data", "book-reservation-system.Data\book-reservation-system.Data.csproj", "{B6574E71-8BC0-4DA4-BF0C-F6391DABE76D}"
EndProject
Project("{FAE04EC0-301F-11D3-BF4B-00C04F79EFBC}") = "book-reservation-system.Core", "book-reservation-system.Core\book-reservation-system.Core.csproj", "{2C03C047-AFAF-4D2C-A16B-B0474C1529F8}"
EndProject
Global
	GlobalSection(SolutionConfigurationPlatforms) = preSolution
		Debug|Any CPU = Debug|Any CPU
		Release|Any CPU = Release|Any CPU
	EndGlobalSection
	GlobalSection(ProjectConfigurationPlatforms) = postSolution
		{EC2359AB-168B-4476-81C0-5D1AA97F7602}.Debug|Any CPU.ActiveCfg = Debug|Any CPU
		{EC2359AB-168B-4476-81C0-5D1AA97F7602}.Debug|Any CPU.Build.0 = Debug|Any CPU
		{EC2359AB-168B-4476-81C0-5D1AA97F7602}.Release|Any CPU.ActiveCfg = Release|Any CPU
		{EC2359AB-168B-4476-81C0-5D1AA97F7602}.Release|Any CPU.Build.0 = Release|Any CPU
		{B6574E71-8BC0-4DA4-BF0C-F6391DABE76D}.Debug|Any CPU.ActiveCfg = Debug|Any CPU
		{B6574E71-8BC0-4DA4-BF0C-F6391DABE76D}.Debug|Any CPU.Build.0 = Debug|Any CPU
		{B6574E71-8BC0-4DA4-BF0C-F6391DABE76D}.Release|Any CPU.ActiveCfg = Release|Any CPU
		{B6574E71-8BC0-4DA4-BF0C-F6391DABE76D}.Release|Any CPU.Build.0 = Release|Any CPU
		{2C03C047-AFAF-4D2C-A16B-B0474C1529F8}.Debug|Any CPU.ActiveCfg = Debug|Any CPU
		{2C03C047-AFAF-4D2C-A16B-B0474C1529F8}.Debug|Any CPU.Build.0 = Debug|Any CPU
		{2C03C047-AFAF-4D2C-A16B-B0474C1529F8}.Release|Any CPU.ActiveCfg = Release|Any CPU
		{2C03C047-AFAF-4D2C-A16B-B0474C1529F8}.Release|Any CPU.Build.0 = Release|Any CPU
	EndGlobalSection
	GlobalSection(SolutionProperties) = preSolution
		HideSolutionNode = FALSE
	EndGlobalSection
	GlobalSection(ExtensibilityGlobals) = postSolution
		SolutionGuid = {55C1D935-1074-4156-9E13-0320C1E9625E}
	EndGlobalSection
EndGlobal
